
Microsoft Visual Studio Solution File, Format Version 12.00
# Visual Studio Version 16
VisualStudioVersion = 16.0.33130.400
MinimumVisualStudioVersion = 10.0.40219.1
Project("{FAE04EC0-301F-11D3-BF4B-00C04F79EFBC}") = "SalesWebMvc", "SalesWebMvc\SalesWebMvc.csproj", "{FED05C11-BAEE-4620-B00D-990A7C300C7B}"
EndProject
Global
	GlobalSection(SolutionConfigurationPlatforms) = preSolution
		Debug|Any CPU = Debug|Any CPU
		Release|Any CPU = Release|Any CPU
	EndGlobalSection
	GlobalSection(ProjectConfigurationPlatforms) = postSolution
		{FED05C11-BAEE-4620-B00D-990A7C300C7B}.Debug|Any CPU.ActiveCfg = Debug|Any CPU
		{FED05C11-BAEE-4620-B00D-990A7C300C7B}.Debug|Any CPU.Build.0 = Debug|Any CPU
		{FED05C11-BAEE-4620-B00D-990A7C300C7B}.Release|Any CPU.ActiveCfg = Release|Any CPU
		{FED05C11-BAEE-4620-B00D-990A7C300C7B}.Release|Any CPU.Build.0 = Release|Any CPU
	EndGlobalSection
	GlobalSection(SolutionProperties) = preSolution
		HideSolutionNode = FALSE
	EndGlobalSection
	GlobalSection(ExtensibilityGlobals) = postSolution
		SolutionGuid = {3C449BDD-27AF-40C7-89D3-9AFD1BC30AE3}
	EndGlobalSection
EndGlobal
